
Microsoft Visual Studio Solution File, Format Version 12.00
Project("{FAE04EC0-301F-11D3-BF4B-00C04F79EFBC}") = "TicketFlow.BuildingBlocks.Domain", "src\BuildingBlocks\Domain\TicketFlow.BuildingBlocks.Domain.csproj", "{CA3981B3-29A1-4242-BBC7-0C8B48AD5413}"
EndProject
Project("{FAE04EC0-301F-11D3-BF4B-00C04F79EFBC}") = "TicketFlow.Reservations.Domain.UnitTests", "tests\Reservations.Domain.UnitTests\TicketFlow.Reservations.Domain.UnitTests.csproj", "{13A07BE9-380A-41C0-97C8-9E86D2AAB0A8}"
EndProject
Project("{FAE04EC0-301F-11D3-BF4B-00C04F79EFBC}") = "TicketFlow.Reservations.Domain", "src\Modules\Reservations\Domain\TicketFlow.Reservations.Domain.csproj", "{54C490D5-8FCE-47EC-8A35-920C3F47AA35}"
EndProject
Project("{FAE04EC0-301F-11D3-BF4B-00C04F79EFBC}") = "TicketFlow.BuildingBlocks.CQS", "src\BuildingBlocks\CQS\Base\TicketFlow.BuildingBlocks.CQS.csproj", "{61D9E873-4A9D-4BDF-B427-175EA66E1BB1}"
EndProject
Project("{FAE04EC0-301F-11D3-BF4B-00C04F79EFBC}") = "TicketFlow.BuildingBlocks.CQS.Primitives", "src\BuildingBlocks\CQS\Primitives\TicketFlow.BuildingBlocks.CQS.Primitives.csproj", "{A5133B6F-336E-4E89-8F26-880EEA5CD9E8}"
EndProject
Project("{FAE04EC0-301F-11D3-BF4B-00C04F79EFBC}") = "TicketFlow.BuildingBlocks.CQS.Abstractions", "src\BuildingBlocks\CQS\Abstractions\TicketFlow.BuildingBlocks.CQS.Abstractions.csproj", "{C11E5472-DE6C-44E6-B7C3-3A492010D965}"
EndProject
Project("{FAE04EC0-301F-11D3-BF4B-00C04F79EFBC}") = "TicketFlow.BuildingBlocks.CQS.UnitTests", "tests\BuildingBlocks.CQS.UnitTests\TicketFlow.BuildingBlocks.CQS.UnitTests.csproj", "{FCE480A9-79AB-462E-95DB-90B488BA73C4}"
EndProject
Global
	GlobalSection(SolutionConfigurationPlatforms) = preSolution
		Debug|Any CPU = Debug|Any CPU
		Release|Any CPU = Release|Any CPU
	EndGlobalSection
	GlobalSection(ProjectConfigurationPlatforms) = postSolution
		{CA3981B3-29A1-4242-BBC7-0C8B48AD5413}.Debug|Any CPU.ActiveCfg = Debug|Any CPU
		{CA3981B3-29A1-4242-BBC7-0C8B48AD5413}.Debug|Any CPU.Build.0 = Debug|Any CPU
		{CA3981B3-29A1-4242-BBC7-0C8B48AD5413}.Release|Any CPU.ActiveCfg = Release|Any CPU
		{CA3981B3-29A1-4242-BBC7-0C8B48AD5413}.Release|Any CPU.Build.0 = Release|Any CPU
		{13A07BE9-380A-41C0-97C8-9E86D2AAB0A8}.Debug|Any CPU.ActiveCfg = Debug|Any CPU
		{13A07BE9-380A-41C0-97C8-9E86D2AAB0A8}.Debug|Any CPU.Build.0 = Debug|Any CPU
		{13A07BE9-380A-41C0-97C8-9E86D2AAB0A8}.Release|Any CPU.ActiveCfg = Release|Any CPU
		{13A07BE9-380A-41C0-97C8-9E86D2AAB0A8}.Release|Any CPU.Build.0 = Release|Any CPU
		{54C490D5-8FCE-47EC-8A35-920C3F47AA35}.Debug|Any CPU.ActiveCfg = Debug|Any CPU
		{54C490D5-8FCE-47EC-8A35-920C3F47AA35}.Debug|Any CPU.Build.0 = Debug|Any CPU
		{54C490D5-8FCE-47EC-8A35-920C3F47AA35}.Release|Any CPU.ActiveCfg = Release|Any CPU
		{54C490D5-8FCE-47EC-8A35-920C3F47AA35}.Release|Any CPU.Build.0 = Release|Any CPU
		{61D9E873-4A9D-4BDF-B427-175EA66E1BB1}.Debug|Any CPU.ActiveCfg = Debug|Any CPU
		{61D9E873-4A9D-4BDF-B427-175EA66E1BB1}.Debug|Any CPU.Build.0 = Debug|Any CPU
		{61D9E873-4A9D-4BDF-B427-175EA66E1BB1}.Release|Any CPU.ActiveCfg = Release|Any CPU
		{61D9E873-4A9D-4BDF-B427-175EA66E1BB1}.Release|Any CPU.Build.0 = Release|Any CPU
		{A5133B6F-336E-4E89-8F26-880EEA5CD9E8}.Debug|Any CPU.ActiveCfg = Debug|Any CPU
		{A5133B6F-336E-4E89-8F26-880EEA5CD9E8}.Debug|Any CPU.Build.0 = Debug|Any CPU
		{A5133B6F-336E-4E89-8F26-880EEA5CD9E8}.Release|Any CPU.ActiveCfg = Release|Any CPU
		{A5133B6F-336E-4E89-8F26-880EEA5CD9E8}.Release|Any CPU.Build.0 = Release|Any CPU
		{C11E5472-DE6C-44E6-B7C3-3A492010D965}.Debug|Any CPU.ActiveCfg = Debug|Any CPU
		{C11E5472-DE6C-44E6-B7C3-3A492010D965}.Debug|Any CPU.Build.0 = Debug|Any CPU
		{C11E5472-DE6C-44E6-B7C3-3A492010D965}.Release|Any CPU.ActiveCfg = Release|Any CPU
		{C11E5472-DE6C-44E6-B7C3-3A492010D965}.Release|Any CPU.Build.0 = Release|Any CPU
		{FCE480A9-79AB-462E-95DB-90B488BA73C4}.Debug|Any CPU.ActiveCfg = Debug|Any CPU
		{FCE480A9-79AB-462E-95DB-90B488BA73C4}.Debug|Any CPU.Build.0 = Debug|Any CPU
		{FCE480A9-79AB-462E-95DB-90B488BA73C4}.Release|Any CPU.ActiveCfg = Release|Any CPU
		{FCE480A9-79AB-462E-95DB-90B488BA73C4}.Release|Any CPU.Build.0 = Release|Any CPU
	EndGlobalSection
EndGlobal
